{
  "name": "kody-store",
  "lockfileVersion": 3,
  "requires": true,
  "packages": {
    "": {
      "name": "kody-store",
      "dependencies": {
        "@kody-ade/engine-contracts": "^0.3.0"
      }
    },
    "node_modules/@kody-ade/engine-contracts": {
      "version": "0.3.0",
      "resolved": "https://registry.npmjs.org/@kody-ade/engine-contracts/-/engine-contracts-0.3.0.tgz",
      "integrity": "sha512-RgQpiEsyUZkxnwKvTAzIw8E27gNfUfL4osAaazl0+1zZvDVuQcCK+ZheLkuGyhKvTVyVYqBQu9+A9tHJysQSRg==",
      "license": "MIT"
    }
  }
}
